// !$*UTF8*$!
{
	archiveVersion = 1;
	classes = {
	};
	objectVersion = 50;
	objects = {

/* Begin PBXBuildFile section */
		94E65D862416373500A454BB /* AppDelegate.swift in Sources */ = {isa = PBXBuildFile; fileRef = 94E65D852416373500A454BB /* AppDelegate.swift */; };
		94E65D882416373500A454BB /* SceneDelegate.swift in Sources */ = {isa = PBXBuildFile; fileRef = 94E65D872416373500A454BB /* SceneDelegate.swift */; };
		94E65D8A2416373500A454BB /* TableviewController.swift in Sources */ = {isa = PBXBuildFile; fileRef = 94E65D892416373500A454BB /* TableviewController.swift */; };
		94E65D8D2416373500A454BB /* Main.storyboard in Resources */ = {isa = PBXBuildFile; fileRef = 94E65D8B2416373500A454BB /* Main.storyboard */; };
		94E65D8F2416373700A454BB /* Assets.xcassets in Resources */ = {isa = PBXBuildFile; fileRef = 94E65D8E2416373700A454BB /* Assets.xcassets */; };
		94E65D922416373700A454BB /* LaunchScreen.storyboard in Resources */ = {isa = PBXBuildFile; fileRef = 94E65D902416373700A454BB /* LaunchScreen.storyboard */; };
/* End PBXBuildFile section */

/* Begin PBXFileReference section */
		94E65D822416373500A454BB /* Techie_iOS_UITableview.app */ = {isa = PBXFileReference; explicitFileType = wrapper.application; includeInIndex = 0; path = Techie_iOS_UITableview.app; sourceTree = BUILT_PRODUCTS_DIR; };
		94E65D852416373500A454BB /* AppDelegate.swift */ = {isa = PBXFileReference; lastKnownFileType = sourcecode.swift; path = AppDelegate.swift; sourceTree = "<group>"; };
		94E65D872416373500A454BB /* SceneDelegate.swift */ = {isa = PBXFileReference; lastKnownFileType = sourcecode.swift; path = SceneDelegate.swift; sourceTree = "<group>"; };
		94E65D892416373500A454BB /* TableviewController.swift */ = {isa = PBXFileReference; lastKnownFileType = sourcecode.swift; path = TableviewController.swift; sourceTree = "<group>"; };
		94E65D8C2416373500A454BB /* Base */ = {isa = PBXFileReference; lastKnownFileType = file.storyboard; name = Base; path = Base.lproj/Main.storyboard; sourceTree = "<group>"; };
		94E65D8E2416373700A454BB /* Assets.xcassets */ = {isa = PBXFileReference; lastKnownFileType = folder.assetcatalog; path = Assets.xcassets; sourceTree = "<group>"; };
		94E65D912416373700A454BB /* Base */ = {isa = PBXFileReference; lastKnownFileType = file.storyboard; name = Base; path = Base.lproj/LaunchScreen.storyboard; sourceTree = "<group>"; };
		94E65D932416373700A454BB /* Info.plist */ = {isa = PBXFileReference; lastKnownFileType = text.plist.xml; path = Info.plist; sourceTree = "<group>"; };
/* End PBXFileReference section */

/* Begin PBXFrameworksBuildPhase section */
		94E65D7F2416373500A454BB /* Frameworks */ = {
			isa = PBXFrameworksBuildPhase;
			buildActionMask = 2147483647;
			files = (
			);
			runOnlyForDeploymentPostprocessing = 0;
		};
/* End PBXFrameworksBuildPhase section */

/* Begin PBXGroup section */
		94E65D792416373500A454BB = {
			isa = PBXGroup;
			children = (
				94E65D842416373500A454BB /* Techie_iOS_UITableview */,
				94E65D832416373500A454BB /* Products */,
			);
			sourceTree = "<group>";
		};
		94E65D832416373500A454BB /* Products */ = {
			isa = PBXGroup;
			children = (
				94E65D822416373500A454BB /* Techie_iOS_UITableview.app */,
			);
			name = Products;
			sourceTree = "<group>";
		};
		94E65D842416373500A454BB /* Techie_iOS_UITableview */ = {
			isa = PBXGroup;
			children = (
				94E65D9A241643B100A454BB /* View */,
				94E65D9B241643C000A454BB /* Presenter */,
				94E65D99241643A200A454BB /* Model */,
				94E65D9C241644C000A454BB /* Contract */,
				94E65D852416373500A454BB /* AppDelegate.swift */,
				94E65D872416373500A454BB /* SceneDelegate.swift */,
				94E65D8B2416373500A454BB /* Main.storyboard */,
				94E65D8E2416373700A454BB /* Assets.xcassets */,
				94E65D902416373700A454BB /* LaunchScreen.storyboard */,
				94E65D932416373700A454BB /* Info.plist */,
			);
			path = Techie_iOS_UITableview;
			sourceTree = "<group>";
		};
		94E65D99241643A200A454BB /* Model */ = {
			isa = PBXGroup;
			children = (
			);
			path = Model;
			sourceTree = "<group>";
		};
		94E65D9A241643B100A454BB /* View */ = {
			isa = PBXGroup;
			children = (
				94E65D892416373500A454BB /* TableviewController.swift */,
			);
			path = View;
			sourceTree = "<group>";
		};
		94E65D9B241643C000A454BB /* Presenter */ = {
			isa = PBXGroup;
			children = (
			);
			path = Presenter;
			sourceTree = "<group>";
		};
		94E65D9C241644C000A454BB /* Contract */ = {
			isa = PBXGroup;
			children = (
			);
			path = Contract;
			sourceTree = "<group>";
		};
/* End PBXGroup section */

/* Begin PBXNativeTarget section */
		94E65D812416373500A454BB /* Techie_iOS_UITableview */ = {
			isa = PBXNativeTarget;
			buildConfigurationList = 94E65D962416373700A454BB /* Build configuration list for PBXNativeTarget "Techie_iOS_UITableview" */;
			buildPhases = (
				94E65D7E2416373500A454BB /* Sources */,
				94E65D7F2416373500A454BB /* Frameworks */,
				94E65D802416373500A454BB /* Resources */,
			);
			buildRules = (
			);
			dependencies = (
			);
			name = Techie_iOS_UITableview;
			productName = Techie_iOS_UITableview;
			productReference = 94E65D822416373500A454BB /* Techie_iOS_UITableview.app */;
			productType = "com.apple.product-type.application";
		};
/* End PBXNativeTarget section */

/* Begin PBXProject section */
		94E65D7A2416373500A454BB /* Project object */ = {
			isa = PBXProject;
			attributes = {
				LastSwiftUpdateCheck = 1100;
				LastUpgradeCheck = 1100;
				ORGANIZATIONNAME = techie262;
				TargetAttributes = {
					94E65D812416373500A454BB = {
						CreatedOnToolsVersion = 11.0;
					};
				};
			};
			buildConfigurationList = 94E65D7D2416373500A454BB /* Build configuration list for PBXProject "Techie_iOS_UITableview" */;
			compatibilityVersion = "Xcode 9.3";
			developmentRegion = en;
			hasScannedForEncodings = 0;
			knownRegions = (
				en,
				Base,
			);
			mainGroup = 94E65D792416373500A454BB;
			productRefGroup = 94E65D832416373500A454BB /* Products */;
			projectDirPath = "";
			projectRoot = "";
			targets = (
				94E65D812416373500A454BB /* Techie_iOS_UITableview */,
			);
		};
/* End PBXProject section */

/* Begin PBXResourcesBuildPhase section */
		94E65D802416373500A454BB /* Resources */ = {
			isa = PBXResourcesBuildPhase;
			buildActionMask = 2147483647;
			files = (
				94E65D922416373700A454BB /* LaunchScreen.storyboard in Resources */,
				94E65D8F2416373700A454BB /* Assets.xcassets in Resources */,
				94E65D8D2416373500A454BB /* Main.storyboard in Resources */,
			);
			runOnlyForDeploymentPostprocessing = 0;
		};
/* End PBXResourcesBuildPhase section */

/* Begin PBXSourcesBuildPhase section */
		94E65D7E2416373500A454BB /* Sources */ = {
			isa = PBXSourcesBuildPhase;
			buildActionMask = 2147483647;
			files = (
				94E65D8A2416373500A454BB /* TableviewController.swift in Sources */,
				94E65D862416373500A454BB /* AppDelegate.swift in Sources */,
				94E65D882416373500A454BB /* SceneDelegate.swift in Sources */,
			);
			runOnlyForDeploymentPostprocessing = 0;
		};
/* End PBXSourcesBuildPhase section */

/* Begin PBXVariantGroup section */
		94E65D8B2416373500A454BB /* Main.storyboard */ = {
			isa = PBXVariantGroup;
			children = (
				94E65D8C2416373500A454BB /* Base */,
			);
			name = Main.storyboard;
			sourceTree = "<group>";
		};
		94E65D902416373700A454BB /* LaunchScreen.storyboard */ = {
			isa = PBXVariantGroup;
			children = (
				94E65D912416373700A454BB /* Base */,
			);
			name = LaunchScreen.storyboard;
			sourceTree = "<group>";
		};
/* End PBXVariantGroup section */

/* Begin XCBuildConfiguration section */
		94E65D942416373700A454BB /* Debug */ = {
			isa = XCBuildConfiguration;
			buildSettings = {
				ALWAYS_SEARCH_USER_PATHS = NO;
				CLANG_ANALYZER_NONNULL = YES;
				CLANG_ANALYZER_NUMBER_OBJECT_CONVERSION = YES_AGGRESSIVE;
				CLANG_CXX_LANGUAGE_STANDARD = "gnu++14";
				CLANG_CXX_LIBRARY = "libc++";
				CLANG_ENABLE_MODULES = YES;
				CLANG_ENABLE_OBJC_ARC = YES;
				CLANG_ENABLE_OBJC_WEAK = YES;
				CLANG_WARN_BLOCK_CAPTURE_AUTORELEASING = YES;
				CLANG_WARN_BOOL_CONVERSION = YES;
				CLANG_WARN_COMMA = YES;
				CLANG_WARN_CONSTANT_CONVERSION = YES;
				CLANG_WARN_DEPRECATED_OBJC_IMPLEMENTATIONS = YES;
				CLANG_WARN_DIRECT_OBJC_ISA_USAGE = YES_ERROR;
				CLANG_WARN_DOCUMENTATION_COMMENTS = YES;
				CLANG_WARN_EMPTY_BODY = YES;
				CLANG_WARN_ENUM_CONVERSION = YES;
				CLANG_WARN_INFINITE_RECURSION = YES;
				CLANG_WARN_INT_CONVERSION = YES;
				CLANG_WARN_NON_LITERAL_NULL_CONVERSION = YES;
				CLANG_WARN_OBJC_IMPLICIT_RETAIN_SELF = YES;
				CLANG_WARN_OBJC_LITERAL_CONVERSION = YES;
				CLANG_WARN_OBJC_ROOT_CLASS = YES_ERROR;
				CLANG_WARN_RANGE_LOOP_ANALYSIS = YES;
				CLANG_WARN_STRICT_PROTOTYPES = YES;
				CLANG_WARN_SUSPICIOUS_MOVE = YES;
				CLANG_WARN_UNGUARDED_AVAILABILITY = YES_AGGRESSIVE;
				CLANG_WARN_UNREACHABLE_CODE = YES;
				CLANG_WARN__DUPLICATE_METHOD_MATCH = YES;
				COPY_PHASE_STRIP = NO;
				DEBUG_INFORMATION_FORMAT = dwarf;
				ENABLE_STRICT_OBJC_MSGSEND = YES;
				ENABLE_TESTABILITY = YES;
				GCC_C_LANGUAGE_STANDARD = gnu11;
				GCC_DYNAMIC_NO_PIC = NO;
				GCC_NO_COMMON_BLOCKS = YES;
				GCC_OPTIMIZATION_LEVEL = 0;
				GCC_PREPROCESSOR_DEFINITIONS = (
					"DEBUG=1",
					"$(inherited)",
				);
				GCC_WARN_64_TO_32_BIT_CONVERSION = YES;
				GCC_WARN_ABOUT_RETURN_TYPE = YES_ERROR;
				GCC_WARN_UNDECLARED_SELECTOR = YES;
				GCC_WARN_UNINITIALIZED_AUTOS = YES_AGGRESSIVE;
				GCC_WARN_UNUSED_FUNCTION = YES;
				GCC_WARN_UNUSED_VARIABLE = YES;
				IPHONEOS_DEPLOYMENT_TARGET = 13.0;
				MTL_ENABLE_DEBUG_INFO = INCLUDE_SOURCE;
				MTL_FAST_MATH = YES;
				ONLY_ACTIVE_ARCH = YES;
				SDKROOT = iphoneos;
				SWIFT_ACTIVE_COMPILATION_CONDITIONS = DEBUG;
				SWIFT_OPTIMIZATION_LEVEL = "-Onone";
			};
			name = Debug;
		};
		94E65D952416373700A454BB /* Release */ = {
			isa = XCBuildConfiguration;
			buildSettings = {
				ALWAYS_SEARCH_USER_PATHS = NO;
				CLANG_ANALYZER_NONNULL = YES;
				CLANG_ANALYZER_NUMBER_OBJECT_CONVERSION = YES_AGGRESSIVE;
				CLANG_CXX_LANGUAGE_STANDARD = "gnu++14";
				CLANG_CXX_LIBRARY = "libc++";
				CLANG_ENABLE_MODULES = YES;
				CLANG_ENABLE_OBJC_ARC = YES;
				CLANG_ENABLE_OBJC_WEAK = YES;
				CLANG_WARN_BLOCK_CAPTURE_AUTORELEASING = YES;
				CLANG_WARN_BOOL_CONVERSION = YES;
				CLANG_WARN_COMMA = YES;
				CLANG_WARN_CONSTANT_CONVERSION = YES;
				CLANG_WARN_DEPRECATED_OBJC_IMPLEMENTATIONS = YES;
				CLANG_WARN_DIRECT_OBJC_ISA_USAGE = YES_ERROR;
				CLANG_WARN_DOCUMENTATION_COMMENTS = YES;
				CLANG_WARN_EMPTY_BODY = YES;
				CLANG_WARN_ENUM_CONVERSION = YES;
				CLANG_WARN_INFINITE_RECURSION = YES;
				CLANG_WARN_INT_CONVERSION = YES;
				CLANG_WARN_NON_LITERAL_NULL_CONVERSION = YES;
				CLANG_WARN_OBJC_IMPLICIT_RETAIN_SELF = YES;
				CLANG_WARN_OBJC_LITERAL_CONVERSION = YES;
				CLANG_WARN_OBJC_ROOT_CLASS = YES_ERROR;
				CLANG_WARN_RANGE_LOOP_ANALYSIS = YES;
				CLANG_WARN_STRICT_PROTOTYPES = YES;
				CLANG_WARN_SUSPICIOUS_MOVE = YES;
				CLANG_WARN_UNGUARDED_AVAILABILITY = YES_AGGRESSIVE;
				CLANG_WARN_UNREACHABLE_CODE = YES;
				CLANG_WARN__DUPLICATE_METHOD_MATCH = YES;
				COPY_PHASE_STRIP = NO;
				DEBUG_INFORMATION_FORMAT = "dwarf-with-dsym";
				ENABLE_NS_ASSERTIONS = NO;
				ENABLE_STRICT_OBJC_MSGSEND = YES;
				GCC_C_LANGUAGE_STANDARD = gnu11;
				GCC_NO_COMMON_BLOCKS = YES;
				GCC_WARN_64_TO_32_BIT_CONVERSION = YES;
				GCC_WARN_ABOUT_RETURN_TYPE = YES_ERROR;
				GCC_WARN_UNDECLARED_SELECTOR = YES;
				GCC_WARN_UNINITIALIZED_AUTOS = YES_AGGRESSIVE;
				GCC_WARN_UNUSED_FUNCTION = YES;
				GCC_WARN_UNUSED_VARIABLE = YES;
				IPHONEOS_DEPLOYMENT_TARGET = 13.0;
				MTL_ENABLE_DEBUG_INFO = NO;
				MTL_FAST_MATH = YES;
				SDKROOT = iphoneos;
				SWIFT_COMPILATION_MODE = wholemodule;
				SWIFT_OPTIMIZATION_LEVEL = "-O";
				VALIDATE_PRODUCT = YES;
			};
			name = Release;
		};
		94E65D972416373700A454BB /* Debug */ = {
			isa = XCBuildConfiguration;
			buildSettings = {
				ASSETCATALOG_COMPILER_APPICON_NAME = AppIcon;
				CODE_SIGN_STYLE = Automatic;
				DEVELOPMENT_TEAM = 237DWYW2P9;
				INFOPLIST_FILE = Techie_iOS_UITableview/Info.plist;
				LD_RUNPATH_SEARCH_PATHS = (
					"$(inherited)",
					"@executable_path/Frameworks",
				);
				PRODUCT_BUNDLE_IDENTIFIER = "techie262.com.Techie-iOS-UITableview";
				PRODUCT_NAME = "$(TARGET_NAME)";
				SWIFT_VERSION = 5.0;
				TARGETED_DEVICE_FAMILY = "1,2";
			};
			name = Debug;
		};
		94E65D982416373700A454BB /* Release */ = {
			isa = XCBuildConfiguration;
			buildSettings = {
				ASSETCATALOG_COMPILER_APPICON_NAME = AppIcon;
				CODE_SIGN_STYLE = Automatic;
				DEVELOPMENT_TEAM = 237DWYW2P9;
				INFOPLIST_FILE = Techie_iOS_UITableview/Info.plist;
				LD_RUNPATH_SEARCH_PATHS = (
					"$(inherited)",
					"@executable_path/Frameworks",
				);
				PRODUCT_BUNDLE_IDENTIFIER = "techie262.com.Techie-iOS-UITableview";
				PRODUCT_NAME = "$(TARGET_NAME)";
				SWIFT_VERSION = 5.0;
				TARGETED_DEVICE_FAMILY = "1,2";
			};
			name = Release;
		};
/* End XCBuildConfiguration section */

/* Begin XCConfigurationList section */
		94E65D7D2416373500A454BB /* Build configuration list for PBXProject "Techie_iOS_UITableview" */ = {
			isa = XCConfigurationList;
			buildConfigurations = (
				94E65D942416373700A454BB /* Debug */,
				94E65D952416373700A454BB /* Release */,
			);
			defaultConfigurationIsVisible = 0;
			defaultConfigurationName = Release;
		};
		94E65D962416373700A454BB /* Build configuration list for PBXNativeTarget "Techie_iOS_UITableview" */ = {
			isa = XCConfigurationList;
			buildConfigurations = (
				94E65D972416373700A454BB /* Debug */,
				94E65D982416373700A454BB /* Release */,
			);
			defaultConfigurationIsVisible = 0;
			defaultConfigurationName = Release;
		};
/* End XCConfigurationList section */
	};
	rootObject = 94E65D7A2416373500A454BB /* Project object */;
}
